// !$*UTF8*$!
{
	archiveVersion = 1;
	classes = {
	};
	objectVersion = 46;
	objects = {

/* Begin PBXBuildFile section */
		2FB5BE87B9139A8D76B01BE9 /* libPods-Geofencing-GoogleMaps.a in Frameworks */ = {isa = PBXBuildFile; fileRef = 8CB3792A1E087B7D43EC7831 /* libPods-Geofencing-GoogleMaps.a */; };
		FAD27CE91DC9AE75009171BE /* AppDelegate.swift in Sources */ = {isa = PBXBuildFile; fileRef = FAD27CE81DC9AE75009171BE /* AppDelegate.swift */; };
		FAD27CEB1DC9AE75009171BE /* ViewController.swift in Sources */ = {isa = PBXBuildFile; fileRef = FAD27CEA1DC9AE75009171BE /* ViewController.swift */; };
		FAD27CEE1DC9AE75009171BE /* Main.storyboard in Resources */ = {isa = PBXBuildFile; fileRef = FAD27CEC1DC9AE75009171BE /* Main.storyboard */; };
		FAD27CF11DC9AE75009171BE /* Geofencing_GoogleMaps.xcdatamodeld in Sources */ = {isa = PBXBuildFile; fileRef = FAD27CEF1DC9AE75009171BE /* Geofencing_GoogleMaps.xcdatamodeld */; };
		FAD27CF31DC9AE75009171BE /* Assets.xcassets in Resources */ = {isa = PBXBuildFile; fileRef = FAD27CF21DC9AE75009171BE /* Assets.xcassets */; };
		FAD27CF61DC9AE75009171BE /* LaunchScreen.storyboard in Resources */ = {isa = PBXBuildFile; fileRef = FAD27CF41DC9AE75009171BE /* LaunchScreen.storyboard */; };
/* End PBXBuildFile section */

/* Begin PBXFileReference section */
		0FAE1B738C0EB6E357FE928C /* Pods-Geofencing-GoogleMaps.debug.xcconfig */ = {isa = PBXFileReference; includeInIndex = 1; lastKnownFileType = text.xcconfig; name = "Pods-Geofencing-GoogleMaps.debug.xcconfig"; path = "Pods/Target Support Files/Pods-Geofencing-GoogleMaps/Pods-Geofencing-GoogleMaps.debug.xcconfig"; sourceTree = "<group>"; };
		5A2169903B790D0802879F66 /* Pods-Geofencing-GoogleMaps.release.xcconfig */ = {isa = PBXFileReference; includeInIndex = 1; lastKnownFileType = text.xcconfig; name = "Pods-Geofencing-GoogleMaps.release.xcconfig"; path = "Pods/Target Support Files/Pods-Geofencing-GoogleMaps/Pods-Geofencing-GoogleMaps.release.xcconfig"; sourceTree = "<group>"; };
		8CB3792A1E087B7D43EC7831 /* libPods-Geofencing-GoogleMaps.a */ = {isa = PBXFileReference; explicitFileType = archive.ar; includeInIndex = 0; path = "libPods-Geofencing-GoogleMaps.a"; sourceTree = BUILT_PRODUCTS_DIR; };
		FAD27CE51DC9AE75009171BE /* Geofencing-GoogleMaps.app */ = {isa = PBXFileReference; explicitFileType = wrapper.application; includeInIndex = 0; path = "Geofencing-GoogleMaps.app"; sourceTree = BUILT_PRODUCTS_DIR; };
		FAD27CE81DC9AE75009171BE /* AppDelegate.swift */ = {isa = PBXFileReference; lastKnownFileType = sourcecode.swift; path = AppDelegate.swift; sourceTree = "<group>"; };
		FAD27CEA1DC9AE75009171BE /* ViewController.swift */ = {isa = PBXFileReference; lastKnownFileType = sourcecode.swift; path = ViewController.swift; sourceTree = "<group>"; };
		FAD27CED1DC9AE75009171BE /* Base */ = {isa = PBXFileReference; lastKnownFileType = file.storyboard; name = Base; path = Base.lproj/Main.storyboard; sourceTree = "<group>"; };
		FAD27CF01DC9AE75009171BE /* Geofencing_GoogleMaps.xcdatamodel */ = {isa = PBXFileReference; lastKnownFileType = wrapper.xcdatamodel; path = Geofencing_GoogleMaps.xcdatamodel; sourceTree = "<group>"; };
		FAD27CF21DC9AE75009171BE /* Assets.xcassets */ = {isa = PBXFileReference; lastKnownFileType = folder.assetcatalog; path = Assets.xcassets; sourceTree = "<group>"; };
		FAD27CF51DC9AE75009171BE /* Base */ = {isa = PBXFileReference; lastKnownFileType = file.storyboard; name = Base; path = Base.lproj/LaunchScreen.storyboard; sourceTree = "<group>"; };
		FAD27CF71DC9AE75009171BE /* Info.plist */ = {isa = PBXFileReference; lastKnownFileType = text.plist.xml; path = Info.plist; sourceTree = "<group>"; };
/* End PBXFileReference section */

/* Begin PBXFrameworksBuildPhase section */
		FAD27CE21DC9AE75009171BE /* Frameworks */ = {
			isa = PBXFrameworksBuildPhase;
			buildActionMask = 2147483647;
			files = (
				2FB5BE87B9139A8D76B01BE9 /* libPods-Geofencing-GoogleMaps.a in Frameworks */,
			);
			runOnlyForDeploymentPostprocessing = 0;
		};
/* End PBXFrameworksBuildPhase section */

/* Begin PBXGroup section */
		12DE8984DE80D04AD3ACB508 /* Pods */ = {
			isa = PBXGroup;
			children = (
				0FAE1B738C0EB6E357FE928C /* Pods-Geofencing-GoogleMaps.debug.xcconfig */,
				5A2169903B790D0802879F66 /* Pods-Geofencing-GoogleMaps.release.xcconfig */,
			);
			name = Pods;
			sourceTree = "<group>";
		};
		2F763591EB71DF95B5BD5856 /* Frameworks */ = {
			isa = PBXGroup;
			children = (
				8CB3792A1E087B7D43EC7831 /* libPods-Geofencing-GoogleMaps.a */,
			);
			name = Frameworks;
			sourceTree = "<group>";
		};
		FAD27CDC1DC9AE75009171BE = {
			isa = PBXGroup;
			children = (
				FAD27CE71DC9AE75009171BE /* Geofencing-GoogleMaps */,
				FAD27CE61DC9AE75009171BE /* Products */,
				12DE8984DE80D04AD3ACB508 /* Pods */,
				2F763591EB71DF95B5BD5856 /* Frameworks */,
			);
			sourceTree = "<group>";
		};
		FAD27CE61DC9AE75009171BE /* Products */ = {
			isa = PBXGroup;
			children = (
				FAD27CE51DC9AE75009171BE /* Geofencing-GoogleMaps.app */,
			);
			name = Products;
			sourceTree = "<group>";
		};
		FAD27CE71DC9AE75009171BE /* Geofencing-GoogleMaps */ = {
			isa = PBXGroup;
			children = (
				FAD27CE81DC9AE75009171BE /* AppDelegate.swift */,
				FAD27CEA1DC9AE75009171BE /* ViewController.swift */,
				FAD27CEC1DC9AE75009171BE /* Main.storyboard */,
				FAD27CF21DC9AE75009171BE /* Assets.xcassets */,
				FAD27CF41DC9AE75009171BE /* LaunchScreen.storyboard */,
				FAD27CF71DC9AE75009171BE /* Info.plist */,
				FAD27CEF1DC9AE75009171BE /* Geofencing_GoogleMaps.xcdatamodeld */,
			);
			path = "Geofencing-GoogleMaps";
			sourceTree = "<group>";
		};
/* End PBXGroup section */

/* Begin PBXNativeTarget section */
		FAD27CE41DC9AE75009171BE /* Geofencing-GoogleMaps */ = {
			isa = PBXNativeTarget;
			buildConfigurationList = FAD27CFA1DC9AE75009171BE /* Build configuration list for PBXNativeTarget "Geofencing-GoogleMaps" */;
			buildPhases = (
				D889331607BD051F5F8D5613 /* [CP] Check Pods Manifest.lock */,
				FAD27CE11DC9AE75009171BE /* Sources */,
				FAD27CE21DC9AE75009171BE /* Frameworks */,
				FAD27CE31DC9AE75009171BE /* Resources */,
				1596B1116E2E8C4C50D5FFB2 /* [CP] Embed Pods Frameworks */,
				1F936246AA8A6DD553E82C62 /* [CP] Copy Pods Resources */,
			);
			buildRules = (
			);
			dependencies = (
			);
			name = "Geofencing-GoogleMaps";
			productName = "Geofencing-GoogleMaps";
			productReference = FAD27CE51DC9AE75009171BE /* Geofencing-GoogleMaps.app */;
			productType = "com.apple.product-type.application";
		};
/* End PBXNativeTarget section */

/* Begin PBXProject section */
		FAD27CDD1DC9AE75009171BE /* Project object */ = {
			isa = PBXProject;
			attributes = {
				LastSwiftUpdateCheck = 0800;
				LastUpgradeCheck = 0800;
				ORGANIZATIONNAME = iTexico;
				TargetAttributes = {
					FAD27CE41DC9AE75009171BE = {
						CreatedOnToolsVersion = 8.0;
						ProvisioningStyle = Automatic;
					};
				};
			};
			buildConfigurationList = FAD27CE01DC9AE75009171BE /* Build configuration list for PBXProject "Geofencing-GoogleMaps" */;
			compatibilityVersion = "Xcode 3.2";
			developmentRegion = English;
			hasScannedForEncodings = 0;
			knownRegions = (
				en,
				Base,
			);
			mainGroup = FAD27CDC1DC9AE75009171BE;
			productRefGroup = FAD27CE61DC9AE75009171BE /* Products */;
			projectDirPath = "";
			projectRoot = "";
			targets = (
				FAD27CE41DC9AE75009171BE /* Geofencing-GoogleMaps */,
			);
		};
/* End PBXProject section */

/* Begin PBXResourcesBuildPhase section */
		FAD27CE31DC9AE75009171BE /* Resources */ = {
			isa = PBXResourcesBuildPhase;
			buildActionMask = 2147483647;
			files = (
				FAD27CF61DC9AE75009171BE /* LaunchScreen.storyboard in Resources */,
				FAD27CF31DC9AE75009171BE /* Assets.xcassets in Resources */,
				FAD27CEE1DC9AE75009171BE /* Main.storyboard in Resources */,
			);
			runOnlyForDeploymentPostprocessing = 0;
		};
/* End PBXResourcesBuildPhase section */

/* Begin PBXShellScriptBuildPhase section */
		1596B1116E2E8C4C50D5FFB2 /* [CP] Embed Pods Frameworks */ = {
			isa = PBXShellScriptBuildPhase;
			buildActionMask = 2147483647;
			files = (
			);
			inputPaths = (
			);
			name = "[CP] Embed Pods Frameworks";
			outputPaths = (
			);
			runOnlyForDeploymentPostprocessing = 0;
			shellPath = /bin/sh;
			shellScript = "\"${SRCROOT}/Pods/Target Support Files/Pods-Geofencing-GoogleMaps/Pods-Geofencing-GoogleMaps-frameworks.sh\"\n";
			showEnvVarsInLog = 0;
		};
		1F936246AA8A6DD553E82C62 /* [CP] Copy Pods Resources */ = {
			isa = PBXShellScriptBuildPhase;
			buildActionMask = 2147483647;
			files = (
			);
			inputPaths = (
			);
			name = "[CP] Copy Pods Resources";
			outputPaths = (
			);
			runOnlyForDeploymentPostprocessing = 0;
			shellPath = /bin/sh;
			shellScript = "\"${SRCROOT}/Pods/Target Support Files/Pods-Geofencing-GoogleMaps/Pods-Geofencing-GoogleMaps-resources.sh\"\n";
			showEnvVarsInLog = 0;
		};
		D889331607BD051F5F8D5613 /* [CP] Check Pods Manifest.lock */ = {
			isa = PBXShellScriptBuildPhase;
			buildActionMask = 2147483647;
			files = (
			);
			inputPaths = (
			);
			name = "[CP] Check Pods Manifest.lock";
			outputPaths = (
			);
			runOnlyForDeploymentPostprocessing = 0;
			shellPath = /bin/sh;
			shellScript = "diff \"${PODS_ROOT}/../Podfile.lock\" \"${PODS_ROOT}/Manifest.lock\" > /dev/null\nif [ $? != 0 ] ; then\n    # print error to STDERR\n    echo \"error: The sandbox is not in sync with the Podfile.lock. Run 'pod install' or update your CocoaPods installation.\" >&2\n    exit 1\nfi\n";
			showEnvVarsInLog = 0;
		};
/* End PBXShellScriptBuildPhase section */

/* Begin PBXSourcesBuildPhase section */
		FAD27CE11DC9AE75009171BE /* Sources */ = {
			isa = PBXSourcesBuildPhase;
			buildActionMask = 2147483647;
			files = (
				FAD27CEB1DC9AE75009171BE /* ViewController.swift in Sources */,
				FAD27CF11DC9AE75009171BE /* Geofencing_GoogleMaps.xcdatamodeld in Sources */,
				FAD27CE91DC9AE75009171BE /* AppDelegate.swift in Sources */,
			);
			runOnlyForDeploymentPostprocessing = 0;
		};
/* End PBXSourcesBuildPhase section */

/* Begin PBXVariantGroup section */
		FAD27CEC1DC9AE75009171BE /* Main.storyboard */ = {
			isa = PBXVariantGroup;
			children = (
				FAD27CED1DC9AE75009171BE /* Base */,
			);
			name = Main.storyboard;
			sourceTree = "<group>";
		};
		FAD27CF41DC9AE75009171BE /* LaunchScreen.storyboard */ = {
			isa = PBXVariantGroup;
			children = (
				FAD27CF51DC9AE75009171BE /* Base */,
			);
			name = LaunchScreen.storyboard;
			sourceTree = "<group>";
		};
/* End PBXVariantGroup section */

/* Begin XCBuildConfiguration section */
		FAD27CF81DC9AE75009171BE /* Debug */ = {
			isa = XCBuildConfiguration;
			buildSettings = {
				ALWAYS_SEARCH_USER_PATHS = NO;
				CLANG_ANALYZER_NONNULL = YES;
				CLANG_CXX_LANGUAGE_STANDARD = "gnu++0x";
				CLANG_CXX_LIBRARY = "libc++";
				CLANG_ENABLE_MODULES = YES;
				CLANG_ENABLE_OBJC_ARC = YES;
				CLANG_WARN_BOOL_CONVERSION = YES;
				CLANG_WARN_CONSTANT_CONVERSION = YES;
				CLANG_WARN_DIRECT_OBJC_ISA_USAGE = YES_ERROR;
				CLANG_WARN_DOCUMENTATION_COMMENTS = YES;
				CLANG_WARN_EMPTY_BODY = YES;
				CLANG_WARN_ENUM_CONVERSION = YES;
				CLANG_WARN_INFINITE_RECURSION = YES;
				CLANG_WARN_INT_CONVERSION = YES;
				CLANG_WARN_OBJC_ROOT_CLASS = YES_ERROR;
				CLANG_WARN_SUSPICIOUS_MOVES = YES;
				CLANG_WARN_UNREACHABLE_CODE = YES;
				CLANG_WARN__DUPLICATE_METHOD_MATCH = YES;
				"CODE_SIGN_IDENTITY[sdk=iphoneos*]" = "iPhone Developer";
				COPY_PHASE_STRIP = NO;
				DEBUG_INFORMATION_FORMAT = dwarf;
				ENABLE_STRICT_OBJC_MSGSEND = YES;
				ENABLE_TESTABILITY = YES;
				GCC_C_LANGUAGE_STANDARD = gnu99;
				GCC_DYNAMIC_NO_PIC = NO;
				GCC_NO_COMMON_BLOCKS = YES;
				GCC_OPTIMIZATION_LEVEL = 0;
				GCC_PREPROCESSOR_DEFINITIONS = (
					"DEBUG=1",
					"$(inherited)",
				);
				GCC_WARN_64_TO_32_BIT_CONVERSION = YES;
				GCC_WARN_ABOUT_RETURN_TYPE = YES_ERROR;
				GCC_WARN_UNDECLARED_SELECTOR = YES;
				GCC_WARN_UNINITIALIZED_AUTOS = YES_AGGRESSIVE;
				GCC_WARN_UNUSED_FUNCTION = YES;
				GCC_WARN_UNUSED_VARIABLE = YES;
				IPHONEOS_DEPLOYMENT_TARGET = 10.0;
				MTL_ENABLE_DEBUG_INFO = YES;
				ONLY_ACTIVE_ARCH = YES;
				SDKROOT = iphoneos;
				SWIFT_ACTIVE_COMPILATION_CONDITIONS = DEBUG;
				SWIFT_OPTIMIZATION_LEVEL = "-Onone";
			};
			name = Debug;
		};
		FAD27CF91DC9AE75009171BE /* Release */ = {
			isa = XCBuildConfiguration;
			buildSettings = {
				ALWAYS_SEARCH_USER_PATHS = NO;
				CLANG_ANALYZER_NONNULL = YES;
				CLANG_CXX_LANGUAGE_STANDARD = "gnu++0x";
				CLANG_CXX_LIBRARY = "libc++";
				CLANG_ENABLE_MODULES = YES;
				CLANG_ENABLE_OBJC_ARC = YES;
				CLANG_WARN_BOOL_CONVERSION = YES;
				CLANG_WARN_CONSTANT_CONVERSION = YES;
				CLANG_WARN_DIRECT_OBJC_ISA_USAGE = YES_ERROR;
				CLANG_WARN_DOCUMENTATION_COMMENTS = YES;
				CLANG_WARN_EMPTY_BODY = YES;
				CLANG_WARN_ENUM_CONVERSION = YES;
				CLANG_WARN_INFINITE_RECURSION = YES;
				CLANG_WARN_INT_CONVERSION = YES;
				CLANG_WARN_OBJC_ROOT_CLASS = YES_ERROR;
				CLANG_WARN_SUSPICIOUS_MOVES = YES;
				CLANG_WARN_UNREACHABLE_CODE = YES;
				CLANG_WARN__DUPLICATE_METHOD_MATCH = YES;
				"CODE_SIGN_IDENTITY[sdk=iphoneos*]" = "iPhone Developer";
				COPY_PHASE_STRIP = NO;
				DEBUG_INFORMATION_FORMAT = "dwarf-with-dsym";
				ENABLE_NS_ASSERTIONS = NO;
				ENABLE_STRICT_OBJC_MSGSEND = YES;
				GCC_C_LANGUAGE_STANDARD = gnu99;
				GCC_NO_COMMON_BLOCKS = YES;
				GCC_WARN_64_TO_32_BIT_CONVERSION = YES;
				GCC_WARN_ABOUT_RETURN_TYPE = YES_ERROR;
				GCC_WARN_UNDECLARED_SELECTOR = YES;
				GCC_WARN_UNINITIALIZED_AUTOS = YES_AGGRESSIVE;
				GCC_WARN_UNUSED_FUNCTION = YES;
				GCC_WARN_UNUSED_VARIABLE = YES;
				IPHONEOS_DEPLOYMENT_TARGET = 10.0;
				MTL_ENABLE_DEBUG_INFO = NO;
				SDKROOT = iphoneos;
				SWIFT_OPTIMIZATION_LEVEL = "-Owholemodule";
				VALIDATE_PRODUCT = YES;
			};
			name = Release;
		};
		FAD27CFB1DC9AE75009171BE /* Debug */ = {
			isa = XCBuildConfiguration;
			baseConfigurationReference = 0FAE1B738C0EB6E357FE928C /* Pods-Geofencing-GoogleMaps.debug.xcconfig */;
			buildSettings = {
				ASSETCATALOG_COMPILER_APPICON_NAME = AppIcon;
				INFOPLIST_FILE = "Geofencing-GoogleMaps/Info.plist";
				LD_RUNPATH_SEARCH_PATHS = "$(inherited) @executable_path/Frameworks";
				PRODUCT_BUNDLE_IDENTIFIER = "com.itexico.Geofencing-GoogleMaps";
				PRODUCT_NAME = "$(TARGET_NAME)";
				SWIFT_VERSION = 3.0;
			};
			name = Debug;
		};
		FAD27CFC1DC9AE75009171BE /* Release */ = {
			isa = XCBuildConfiguration;
			baseConfigurationReference = 5A2169903B790D0802879F66 /* Pods-Geofencing-GoogleMaps.release.xcconfig */;
			buildSettings = {
				ASSETCATALOG_COMPILER_APPICON_NAME = AppIcon;
				INFOPLIST_FILE = "Geofencing-GoogleMaps/Info.plist";
				LD_RUNPATH_SEARCH_PATHS = "$(inherited) @executable_path/Frameworks";
				PRODUCT_BUNDLE_IDENTIFIER = "com.itexico.Geofencing-GoogleMaps";
				PRODUCT_NAME = "$(TARGET_NAME)";
				SWIFT_VERSION = 3.0;
			};
			name = Release;
		};
/* End XCBuildConfiguration section */

/* Begin XCConfigurationList section */
		FAD27CE01DC9AE75009171BE /* Build configuration list for PBXProject "Geofencing-GoogleMaps" */ = {
			isa = XCConfigurationList;
			buildConfigurations = (
				FAD27CF81DC9AE75009171BE /* Debug */,
				FAD27CF91DC9AE75009171BE /* Release */,
			);
			defaultConfigurationIsVisible = 0;
			defaultConfigurationName = Release;
		};
		FAD27CFA1DC9AE75009171BE /* Build configuration list for PBXNativeTarget "Geofencing-GoogleMaps" */ = {
			isa = XCConfigurationList;
			buildConfigurations = (
				FAD27CFB1DC9AE75009171BE /* Debug */,
				FAD27CFC1DC9AE75009171BE /* Release */,
			);
			defaultConfigurationIsVisible = 0;
			defaultConfigurationName = Release;
		};
/* End XCConfigurationList section */

/* Begin XCVersionGroup section */
		FAD27CEF1DC9AE75009171BE /* Geofencing_GoogleMaps.xcdatamodeld */ = {
			isa = XCVersionGroup;
			children = (
				FAD27CF01DC9AE75009171BE /* Geofencing_GoogleMaps.xcdatamodel */,
			);
			currentVersion = FAD27CF01DC9AE75009171BE /* Geofencing_GoogleMaps.xcdatamodel */;
			path = Geofencing_GoogleMaps.xcdatamodeld;
			sourceTree = "<group>";
			versionGroupType = wrapper.xcdatamodel;
		};
/* End XCVersionGroup section */
	};
	rootObject = FAD27CDD1DC9AE75009171BE /* Project object */;
}
